// !$*UTF8*$!
{
	archiveVersion = 1;
	classes = {
	};
	objectVersion = 46;
	objects = {

/* Begin PBXBuildFile section */
		1D58B4756E69A26CBBB8002F /* Pods_NearbyWeather.framework in Frameworks */ = {isa = PBXBuildFile; fileRef = E01FDEE48840B6DE40D19CA4 /* Pods_NearbyWeather.framework */; };
		482F50CF0642651072B0552E /* Pods_NearbyWeatherTests.framework in Frameworks */ = {isa = PBXBuildFile; fileRef = AC9117E5FC9606EF89375077 /* Pods_NearbyWeatherTests.framework */; };
		F204B77B1DF2EFA3000F4371 /* AppDelegate.swift in Sources */ = {isa = PBXBuildFile; fileRef = F204B77A1DF2EFA3000F4371 /* AppDelegate.swift */; };
		F204B7801DF2EFA3000F4371 /* Main.storyboard in Resources */ = {isa = PBXBuildFile; fileRef = F204B77E1DF2EFA3000F4371 /* Main.storyboard */; };
		F204B7821DF2EFA3000F4371 /* Assets.xcassets in Resources */ = {isa = PBXBuildFile; fileRef = F204B7811DF2EFA3000F4371 /* Assets.xcassets */; };
		F204B7851DF2EFA3000F4371 /* LaunchScreen.storyboard in Resources */ = {isa = PBXBuildFile; fileRef = F204B7831DF2EFA3000F4371 /* LaunchScreen.storyboard */; };
		F204B7901DF2EFA3000F4371 /* NearbyWeatherTests.swift in Sources */ = {isa = PBXBuildFile; fileRef = F204B78F1DF2EFA3000F4371 /* NearbyWeatherTests.swift */; };
		F204B79B1DF2EFA3000F4371 /* NearbyWeatherUITests.swift in Sources */ = {isa = PBXBuildFile; fileRef = F204B79A1DF2EFA3000F4371 /* NearbyWeatherUITests.swift */; };
		F204B7B01DF2F1BC000F4371 /* Localizable.strings in Resources */ = {isa = PBXBuildFile; fileRef = F204B7B21DF2F1BC000F4371 /* Localizable.strings */; };
		F204B7BD1DF35610000F4371 /* SettingsTableViewController.swift in Sources */ = {isa = PBXBuildFile; fileRef = F204B7BC1DF35610000F4371 /* SettingsTableViewController.swift */; };
		F22F99552034E4B500B7CB6B /* WeatherLocationMapAnnotationView.swift in Sources */ = {isa = PBXBuildFile; fileRef = F22F99542034E4B500B7CB6B /* WeatherLocationMapAnnotationView.swift */; };
		F22F99572037A30800B7CB6B /* locationsSQLite.sqlite in Resources */ = {isa = PBXBuildFile; fileRef = F22F99562037676B00B7CB6B /* locationsSQLite.sqlite */; };
		F260C4431F9D4883000D2BC0 /* UINavigationControllerExtensions.swift in Sources */ = {isa = PBXBuildFile; fileRef = F260C4421F9D4883000D2BC0 /* UINavigationControllerExtensions.swift */; };
		F26699581E9AD0F100498F99 /* WeatherDataManager.swift in Sources */ = {isa = PBXBuildFile; fileRef = F26699571E9AD0F100498F99 /* WeatherDataManager.swift */; };
		F266995A1E9ADBC300498F99 /* LocationService.swift in Sources */ = {isa = PBXBuildFile; fileRef = F26699591E9ADBC300498F99 /* LocationService.swift */; };
		F26A6D5920FB687C0033BC49 /* List.storyboard in Resources */ = {isa = PBXBuildFile; fileRef = F26A6D5820FB687C0033BC49 /* List.storyboard */; };
		F26A6D5E20FB6E610033BC49 /* R.generated.swift in Sources */ = {isa = PBXBuildFile; fileRef = F26A6D5D20FB6E610033BC49 /* R.generated.swift */; };
		F26A6D6020FB70DD0033BC49 /* Details.storyboard in Resources */ = {isa = PBXBuildFile; fileRef = F26A6D5F20FB70DD0033BC49 /* Details.storyboard */; };
		F26A6D6220FB70F50033BC49 /* Map.storyboard in Resources */ = {isa = PBXBuildFile; fileRef = F26A6D6120FB70F50033BC49 /* Map.storyboard */; };
		F26A6D6420FB7C9C0033BC49 /* WelcomeNavigationController.swift in Sources */ = {isa = PBXBuildFile; fileRef = F26A6D6320FB7C9C0033BC49 /* WelcomeNavigationController.swift */; };
		F273254C2032051F00A1DBD1 /* ButtonCell.swift in Sources */ = {isa = PBXBuildFile; fileRef = F273254B2032051F00A1DBD1 /* ButtonCell.swift */; };
		F273254E20320F4E00A1DBD1 /* SubtitleCell.swift in Sources */ = {isa = PBXBuildFile; fileRef = F273254D20320F4E00A1DBD1 /* SubtitleCell.swift */; };
		F274FC37202D005800049144 /* NotificationCenterKeys.swift in Sources */ = {isa = PBXBuildFile; fileRef = F274FC36202D005800049144 /* NotificationCenterKeys.swift */; };
		F274FC39202F9A9300049144 /* NetworkingService.swift in Sources */ = {isa = PBXBuildFile; fileRef = F274FC38202F9A9300049144 /* NetworkingService.swift */; };
		F274FC3B2030ED5A00049144 /* PreferencesManager.swift in Sources */ = {isa = PBXBuildFile; fileRef = F274FC3A2030ED5A00049144 /* PreferencesManager.swift */; };
		F27AFDEC1DF4C089003957EB /* WeatherDataCell.swift in Sources */ = {isa = PBXBuildFile; fileRef = F27AFDEB1DF4C089003957EB /* WeatherDataCell.swift */; };
		F27AFDF01DF4D36C003957EB /* SettingsInputTableViewController.swift in Sources */ = {isa = PBXBuildFile; fileRef = F27AFDEF1DF4D36C003957EB /* SettingsInputTableViewController.swift */; };
		F283D26E1DF39095001B879D /* LabelCell.swift in Sources */ = {isa = PBXBuildFile; fileRef = F283D26D1DF39095001B879D /* LabelCell.swift */; };
		F283D2731DF393B2001B879D /* InfoPlist.strings in Resources */ = {isa = PBXBuildFile; fileRef = F283D2751DF393B2001B879D /* InfoPlist.strings */; };
		F28CA5392016A1BA00209397 /* NearbyLocationsMapViewController.swift in Sources */ = {isa = PBXBuildFile; fileRef = F28CA5382016A1BA00209397 /* NearbyLocationsMapViewController.swift */; };
		F28CA53D202622C200209397 /* ToggleCell.swift in Sources */ = {isa = PBXBuildFile; fileRef = F28CA53C202622C200209397 /* ToggleCell.swift */; };
		F28CA53F2026285000209397 /* UserDefaultsKeys.swift in Sources */ = {isa = PBXBuildFile; fileRef = F28CA53E2026285000209397 /* UserDefaultsKeys.swift */; };
		F28CA54120279EE300209397 /* WeatherDetailViewController.swift in Sources */ = {isa = PBXBuildFile; fileRef = F28CA54020279EE300209397 /* WeatherDetailViewController.swift */; };
		F28CA5442027AEB500209397 /* WeatherLocationMapAnnotation.swift in Sources */ = {isa = PBXBuildFile; fileRef = F28CA5432027AEB500209397 /* WeatherLocationMapAnnotation.swift */; };
		F28CE9641F96B290008319C4 /* UIColor+BrandColors.swift in Sources */ = {isa = PBXBuildFile; fileRef = F28CE9631F96B290008319C4 /* UIColor+BrandColors.swift */; };
		F28CE9661F96B537008319C4 /* UINavigationBarExtensions.swift in Sources */ = {isa = PBXBuildFile; fileRef = F28CE9651F96B537008319C4 /* UINavigationBarExtensions.swift */; };
		F28CE9681F9A9893008319C4 /* WeatherListViewController.swift in Sources */ = {isa = PBXBuildFile; fileRef = F28CE9671F9A9893008319C4 /* WeatherListViewController.swift */; };
		F28CE96A1F9AA829008319C4 /* UIViewExtensions.swift in Sources */ = {isa = PBXBuildFile; fileRef = F28CE9691F9AA829008319C4 /* UIViewExtensions.swift */; };
		F28DA85F203B999400879E6C /* Settings.storyboard in Resources */ = {isa = PBXBuildFile; fileRef = F28DA85E203B999400879E6C /* Settings.storyboard */; };
		F28DA8612042258500879E6C /* WeatherLocationManagementTableViewController.swift in Sources */ = {isa = PBXBuildFile; fileRef = F28DA8602042258500879E6C /* WeatherLocationManagementTableViewController.swift */; };
		F2A5CAA62005762A0071BFFB /* ConversionService.swift in Sources */ = {isa = PBXBuildFile; fileRef = F2A5CAA52005762A0071BFFB /* ConversionService.swift */; };
		F2A5CAA8200587DE0071BFFB /* LocationWeatherDataCell.swift in Sources */ = {isa = PBXBuildFile; fileRef = F2A5CAA7200587DE0071BFFB /* LocationWeatherDataCell.swift */; };
		F2A5CAAC200D51870071BFFB /* UINavigationItemExtensions.swift in Sources */ = {isa = PBXBuildFile; fileRef = F2A5CAAB200D51870071BFFB /* UINavigationItemExtensions.swift */; };
		F2ADB75120FE7014009C9547 /* UIViewController+Extensions.swift in Sources */ = {isa = PBXBuildFile; fileRef = F2ADB75020FE7014009C9547 /* UIViewController+Extensions.swift */; };
		F2B8EA001EA11BA800704E90 /* WeatherDataDTOs.swift in Sources */ = {isa = PBXBuildFile; fileRef = F2B8E9FF1EA11BA800704E90 /* WeatherDataDTOs.swift */; };
		F2B8EA021EA121CC00704E90 /* AlertCell.swift in Sources */ = {isa = PBXBuildFile; fileRef = F2B8EA011EA121CC00704E90 /* AlertCell.swift */; };
		F2B8EA041EA286F000704E90 /* Welcome.storyboard in Resources */ = {isa = PBXBuildFile; fileRef = F2B8EA031EA286F000704E90 /* Welcome.storyboard */; };
		F2B8EA061EA2893C00704E90 /* WelcomeScreenViewController.swift in Sources */ = {isa = PBXBuildFile; fileRef = F2B8EA051EA2893C00704E90 /* WelcomeScreenViewController.swift */; };
		F2B8EA081EA2A7AB00704E90 /* SetPermissionsViewController.swift in Sources */ = {isa = PBXBuildFile; fileRef = F2B8EA071EA2A7AB00704E90 /* SetPermissionsViewController.swift */; };
		F2B8EA0E1EA37BE800704E90 /* InfoTableViewController.swift in Sources */ = {isa = PBXBuildFile; fileRef = F2B8EA0D1EA37BE800704E90 /* InfoTableViewController.swift */; };
		F2D2B1E02004171500C810EF /* DataStorageService.swift in Sources */ = {isa = PBXBuildFile; fileRef = F2D2B1DF2004171500C810EF /* DataStorageService.swift */; };
		F2FE3EFF20027EB400EBC429 /* WeatherStationDTO.swift in Sources */ = {isa = PBXBuildFile; fileRef = F2FE3EFE20027EB400EBC429 /* WeatherStationDTO.swift */; };
		F2FE3F01200285B100EBC429 /* WeatherLocationService.swift in Sources */ = {isa = PBXBuildFile; fileRef = F2FE3F00200285B100EBC429 /* WeatherLocationService.swift */; };
		F2FE3F032002972800EBC429 /* WeatherLocationSelectionTableViewController.swift in Sources */ = {isa = PBXBuildFile; fileRef = F2FE3F022002972800EBC429 /* WeatherLocationSelectionTableViewController.swift */; };
/* End PBXBuildFile section */

/* Begin PBXContainerItemProxy section */
		F204B78C1DF2EFA3000F4371 /* PBXContainerItemProxy */ = {
			isa = PBXContainerItemProxy;
			containerPortal = F204B76F1DF2EFA3000F4371 /* Project object */;
			proxyType = 1;
			remoteGlobalIDString = F204B7761DF2EFA3000F4371;
			remoteInfo = NearbyWeather;
		};
		F204B7971DF2EFA3000F4371 /* PBXContainerItemProxy */ = {
			isa = PBXContainerItemProxy;
			containerPortal = F204B76F1DF2EFA3000F4371 /* Project object */;
			proxyType = 1;
			remoteGlobalIDString = F204B7761DF2EFA3000F4371;
			remoteInfo = NearbyWeather;
		};
/* End PBXContainerItemProxy section */

/* Begin PBXFileReference section */
		20E2DFB16875223CFBEA36EF /* Pods-NearbyWeather.debug.xcconfig */ = {isa = PBXFileReference; includeInIndex = 1; lastKnownFileType = text.xcconfig; name = "Pods-NearbyWeather.debug.xcconfig"; path = "Pods/Target Support Files/Pods-NearbyWeather/Pods-NearbyWeather.debug.xcconfig"; sourceTree = "<group>"; };
		2DB36716201A47922EC83643 /* Pods-NearbyWeather.release.xcconfig */ = {isa = PBXFileReference; includeInIndex = 1; lastKnownFileType = text.xcconfig; name = "Pods-NearbyWeather.release.xcconfig"; path = "Pods/Target Support Files/Pods-NearbyWeather/Pods-NearbyWeather.release.xcconfig"; sourceTree = "<group>"; };
		AC9117E5FC9606EF89375077 /* Pods_NearbyWeatherTests.framework */ = {isa = PBXFileReference; explicitFileType = wrapper.framework; includeInIndex = 0; path = Pods_NearbyWeatherTests.framework; sourceTree = BUILT_PRODUCTS_DIR; };
		B25B5E79CF3A6FC3B3E60F51 /* Pods-NearbyWeatherTests.debug.xcconfig */ = {isa = PBXFileReference; includeInIndex = 1; lastKnownFileType = text.xcconfig; name = "Pods-NearbyWeatherTests.debug.xcconfig"; path = "Pods/Target Support Files/Pods-NearbyWeatherTests/Pods-NearbyWeatherTests.debug.xcconfig"; sourceTree = "<group>"; };
		E01FDEE48840B6DE40D19CA4 /* Pods_NearbyWeather.framework */ = {isa = PBXFileReference; explicitFileType = wrapper.framework; includeInIndex = 0; path = Pods_NearbyWeather.framework; sourceTree = BUILT_PRODUCTS_DIR; };
		E256524A8C59C3CC8FAC2E5A /* Pods-NearbyWeatherTests.release.xcconfig */ = {isa = PBXFileReference; includeInIndex = 1; lastKnownFileType = text.xcconfig; name = "Pods-NearbyWeatherTests.release.xcconfig"; path = "Pods/Target Support Files/Pods-NearbyWeatherTests/Pods-NearbyWeatherTests.release.xcconfig"; sourceTree = "<group>"; };
		F204B7771DF2EFA3000F4371 /* NearbyWeather.app */ = {isa = PBXFileReference; explicitFileType = wrapper.application; includeInIndex = 0; path = NearbyWeather.app; sourceTree = BUILT_PRODUCTS_DIR; };
		F204B77A1DF2EFA3000F4371 /* AppDelegate.swift */ = {isa = PBXFileReference; lastKnownFileType = sourcecode.swift; path = AppDelegate.swift; sourceTree = "<group>"; };
		F204B77F1DF2EFA3000F4371 /* Base */ = {isa = PBXFileReference; lastKnownFileType = file.storyboard; name = Base; path = Base.lproj/Main.storyboard; sourceTree = "<group>"; };
		F204B7811DF2EFA3000F4371 /* Assets.xcassets */ = {isa = PBXFileReference; lastKnownFileType = folder.assetcatalog; path = Assets.xcassets; sourceTree = "<group>"; };
		F204B7841DF2EFA3000F4371 /* Base */ = {isa = PBXFileReference; lastKnownFileType = file.storyboard; name = Base; path = Base.lproj/LaunchScreen.storyboard; sourceTree = "<group>"; };
		F204B7861DF2EFA3000F4371 /* Info.plist */ = {isa = PBXFileReference; lastKnownFileType = text.plist.xml; path = Info.plist; sourceTree = "<group>"; };
		F204B78B1DF2EFA3000F4371 /* NearbyWeatherTests.xctest */ = {isa = PBXFileReference; explicitFileType = wrapper.cfbundle; includeInIndex = 0; path = NearbyWeatherTests.xctest; sourceTree = BUILT_PRODUCTS_DIR; };
		F204B78F1DF2EFA3000F4371 /* NearbyWeatherTests.swift */ = {isa = PBXFileReference; lastKnownFileType = sourcecode.swift; path = NearbyWeatherTests.swift; sourceTree = "<group>"; };
		F204B7911DF2EFA3000F4371 /* Info.plist */ = {isa = PBXFileReference; lastKnownFileType = text.plist.xml; path = Info.plist; sourceTree = "<group>"; };
		F204B7961DF2EFA3000F4371 /* NearbyWeatherUITests.xctest */ = {isa = PBXFileReference; explicitFileType = wrapper.cfbundle; includeInIndex = 0; path = NearbyWeatherUITests.xctest; sourceTree = BUILT_PRODUCTS_DIR; };
		F204B79A1DF2EFA3000F4371 /* NearbyWeatherUITests.swift */ = {isa = PBXFileReference; lastKnownFileType = sourcecode.swift; path = NearbyWeatherUITests.swift; sourceTree = "<group>"; };
		F204B79C1DF2EFA3000F4371 /* Info.plist */ = {isa = PBXFileReference; lastKnownFileType = text.plist.xml; path = Info.plist; sourceTree = "<group>"; };
		F204B7AC1DF2F19A000F4371 /* de */ = {isa = PBXFileReference; lastKnownFileType = text.plist.strings; name = de; path = de.lproj/Main.strings; sourceTree = "<group>"; };
		F204B7AD1DF2F19A000F4371 /* de */ = {isa = PBXFileReference; lastKnownFileType = text.plist.strings; name = de; path = de.lproj/LaunchScreen.strings; sourceTree = "<group>"; };
		F204B7B11DF2F1BC000F4371 /* Base */ = {isa = PBXFileReference; lastKnownFileType = text.plist.strings; name = Base; path = Base.lproj/Localizable.strings; sourceTree = "<group>"; };
		F204B7B31DF2F1BD000F4371 /* de */ = {isa = PBXFileReference; lastKnownFileType = text.plist.strings; name = de; path = de.lproj/Localizable.strings; sourceTree = "<group>"; };
		F204B7BC1DF35610000F4371 /* SettingsTableViewController.swift */ = {isa = PBXFileReference; fileEncoding = 4; lastKnownFileType = sourcecode.swift; path = SettingsTableViewController.swift; sourceTree = "<group>"; };
		F22F99542034E4B500B7CB6B /* WeatherLocationMapAnnotationView.swift */ = {isa = PBXFileReference; lastKnownFileType = sourcecode.swift; path = WeatherLocationMapAnnotationView.swift; sourceTree = "<group>"; };
		F22F99562037676B00B7CB6B /* locationsSQLite.sqlite */ = {isa = PBXFileReference; lastKnownFileType = file; path = locationsSQLite.sqlite; sourceTree = "<group>"; };
		F260C4421F9D4883000D2BC0 /* UINavigationControllerExtensions.swift */ = {isa = PBXFileReference; lastKnownFileType = sourcecode.swift; path = UINavigationControllerExtensions.swift; sourceTree = "<group>"; };
		F26699571E9AD0F100498F99 /* WeatherDataManager.swift */ = {isa = PBXFileReference; fileEncoding = 4; lastKnownFileType = sourcecode.swift; path = WeatherDataManager.swift; sourceTree = "<group>"; };
		F26699591E9ADBC300498F99 /* LocationService.swift */ = {isa = PBXFileReference; fileEncoding = 4; lastKnownFileType = sourcecode.swift; path = LocationService.swift; sourceTree = "<group>"; };
		F26A6D5820FB687C0033BC49 /* List.storyboard */ = {isa = PBXFileReference; lastKnownFileType = file.storyboard; path = List.storyboard; sourceTree = "<group>"; };
		F26A6D5D20FB6E610033BC49 /* R.generated.swift */ = {isa = PBXFileReference; fileEncoding = 4; lastKnownFileType = sourcecode.swift; path = R.generated.swift; sourceTree = SOURCE_ROOT; };
		F26A6D5F20FB70DD0033BC49 /* Details.storyboard */ = {isa = PBXFileReference; lastKnownFileType = file.storyboard; path = Details.storyboard; sourceTree = "<group>"; };
		F26A6D6120FB70F50033BC49 /* Map.storyboard */ = {isa = PBXFileReference; lastKnownFileType = file.storyboard; path = Map.storyboard; sourceTree = "<group>"; };
		F26A6D6320FB7C9C0033BC49 /* WelcomeNavigationController.swift */ = {isa = PBXFileReference; lastKnownFileType = sourcecode.swift; path = WelcomeNavigationController.swift; sourceTree = "<group>"; };
		F273254B2032051F00A1DBD1 /* ButtonCell.swift */ = {isa = PBXFileReference; lastKnownFileType = sourcecode.swift; path = ButtonCell.swift; sourceTree = "<group>"; };
		F273254D20320F4E00A1DBD1 /* SubtitleCell.swift */ = {isa = PBXFileReference; lastKnownFileType = sourcecode.swift; path = SubtitleCell.swift; sourceTree = "<group>"; };
		F274FC36202D005800049144 /* NotificationCenterKeys.swift */ = {isa = PBXFileReference; lastKnownFileType = sourcecode.swift; path = NotificationCenterKeys.swift; sourceTree = "<group>"; };
		F274FC38202F9A9300049144 /* NetworkingService.swift */ = {isa = PBXFileReference; lastKnownFileType = sourcecode.swift; path = NetworkingService.swift; sourceTree = "<group>"; };
		F274FC3A2030ED5A00049144 /* PreferencesManager.swift */ = {isa = PBXFileReference; lastKnownFileType = sourcecode.swift; path = PreferencesManager.swift; sourceTree = "<group>"; };
		F27AFDEB1DF4C089003957EB /* WeatherDataCell.swift */ = {isa = PBXFileReference; fileEncoding = 4; lastKnownFileType = sourcecode.swift; path = WeatherDataCell.swift; sourceTree = "<group>"; };
		F27AFDEF1DF4D36C003957EB /* SettingsInputTableViewController.swift */ = {isa = PBXFileReference; fileEncoding = 4; lastKnownFileType = sourcecode.swift; path = SettingsInputTableViewController.swift; sourceTree = "<group>"; };
		F283D26D1DF39095001B879D /* LabelCell.swift */ = {isa = PBXFileReference; fileEncoding = 4; lastKnownFileType = sourcecode.swift; path = LabelCell.swift; sourceTree = "<group>"; };
		F283D2741DF393B2001B879D /* Base */ = {isa = PBXFileReference; lastKnownFileType = text.plist.strings; name = Base; path = Base.lproj/InfoPlist.strings; sourceTree = "<group>"; };
		F283D2761DF393B3001B879D /* de */ = {isa = PBXFileReference; lastKnownFileType = text.plist.strings; name = de; path = de.lproj/InfoPlist.strings; sourceTree = "<group>"; };
		F28CA5382016A1BA00209397 /* NearbyLocationsMapViewController.swift */ = {isa = PBXFileReference; lastKnownFileType = sourcecode.swift; path = NearbyLocationsMapViewController.swift; sourceTree = "<group>"; };
		F28CA53C202622C200209397 /* ToggleCell.swift */ = {isa = PBXFileReference; lastKnownFileType = sourcecode.swift; path = ToggleCell.swift; sourceTree = "<group>"; };
		F28CA53E2026285000209397 /* UserDefaultsKeys.swift */ = {isa = PBXFileReference; lastKnownFileType = sourcecode.swift; path = UserDefaultsKeys.swift; sourceTree = "<group>"; };
		F28CA54020279EE300209397 /* WeatherDetailViewController.swift */ = {isa = PBXFileReference; lastKnownFileType = sourcecode.swift; path = WeatherDetailViewController.swift; sourceTree = "<group>"; };
		F28CA5432027AEB500209397 /* WeatherLocationMapAnnotation.swift */ = {isa = PBXFileReference; lastKnownFileType = sourcecode.swift; path = WeatherLocationMapAnnotation.swift; sourceTree = "<group>"; };
		F28CE9631F96B290008319C4 /* UIColor+BrandColors.swift */ = {isa = PBXFileReference; lastKnownFileType = sourcecode.swift; path = "UIColor+BrandColors.swift"; sourceTree = "<group>"; };
		F28CE9651F96B537008319C4 /* UINavigationBarExtensions.swift */ = {isa = PBXFileReference; lastKnownFileType = sourcecode.swift; path = UINavigationBarExtensions.swift; sourceTree = "<group>"; };
		F28CE9671F9A9893008319C4 /* WeatherListViewController.swift */ = {isa = PBXFileReference; lastKnownFileType = sourcecode.swift; path = WeatherListViewController.swift; sourceTree = "<group>"; };
		F28CE9691F9AA829008319C4 /* UIViewExtensions.swift */ = {isa = PBXFileReference; lastKnownFileType = sourcecode.swift; path = UIViewExtensions.swift; sourceTree = "<group>"; };
		F28DA85E203B999400879E6C /* Settings.storyboard */ = {isa = PBXFileReference; lastKnownFileType = file.storyboard; path = Settings.storyboard; sourceTree = "<group>"; };
		F28DA8602042258500879E6C /* WeatherLocationManagementTableViewController.swift */ = {isa = PBXFileReference; lastKnownFileType = sourcecode.swift; path = WeatherLocationManagementTableViewController.swift; sourceTree = "<group>"; };
		F2A5CAA52005762A0071BFFB /* ConversionService.swift */ = {isa = PBXFileReference; lastKnownFileType = sourcecode.swift; path = ConversionService.swift; sourceTree = "<group>"; };
		F2A5CAA7200587DE0071BFFB /* LocationWeatherDataCell.swift */ = {isa = PBXFileReference; lastKnownFileType = sourcecode.swift; path = LocationWeatherDataCell.swift; sourceTree = "<group>"; };
		F2A5CAAB200D51870071BFFB /* UINavigationItemExtensions.swift */ = {isa = PBXFileReference; lastKnownFileType = sourcecode.swift; path = UINavigationItemExtensions.swift; sourceTree = "<group>"; };
		F2ADB75020FE7014009C9547 /* UIViewController+Extensions.swift */ = {isa = PBXFileReference; lastKnownFileType = sourcecode.swift; path = "UIViewController+Extensions.swift"; sourceTree = "<group>"; };
		F2B8E9FF1EA11BA800704E90 /* WeatherDataDTOs.swift */ = {isa = PBXFileReference; fileEncoding = 4; lastKnownFileType = sourcecode.swift; path = WeatherDataDTOs.swift; sourceTree = "<group>"; };
		F2B8EA011EA121CC00704E90 /* AlertCell.swift */ = {isa = PBXFileReference; fileEncoding = 4; lastKnownFileType = sourcecode.swift; path = AlertCell.swift; sourceTree = "<group>"; };
		F2B8EA031EA286F000704E90 /* Welcome.storyboard */ = {isa = PBXFileReference; fileEncoding = 4; lastKnownFileType = file.storyboard; path = Welcome.storyboard; sourceTree = "<group>"; };
		F2B8EA051EA2893C00704E90 /* WelcomeScreenViewController.swift */ = {isa = PBXFileReference; fileEncoding = 4; lastKnownFileType = sourcecode.swift; path = WelcomeScreenViewController.swift; sourceTree = "<group>"; };
		F2B8EA071EA2A7AB00704E90 /* SetPermissionsViewController.swift */ = {isa = PBXFileReference; fileEncoding = 4; lastKnownFileType = sourcecode.swift; path = SetPermissionsViewController.swift; sourceTree = "<group>"; };
		F2B8EA0D1EA37BE800704E90 /* InfoTableViewController.swift */ = {isa = PBXFileReference; fileEncoding = 4; lastKnownFileType = sourcecode.swift; path = InfoTableViewController.swift; sourceTree = "<group>"; };
		F2D2B1DF2004171500C810EF /* DataStorageService.swift */ = {isa = PBXFileReference; lastKnownFileType = sourcecode.swift; path = DataStorageService.swift; sourceTree = "<group>"; };
		F2FE3EFE20027EB400EBC429 /* WeatherStationDTO.swift */ = {isa = PBXFileReference; lastKnownFileType = sourcecode.swift; path = WeatherStationDTO.swift; sourceTree = "<group>"; };
		F2FE3F00200285B100EBC429 /* WeatherLocationService.swift */ = {isa = PBXFileReference; lastKnownFileType = sourcecode.swift; path = WeatherLocationService.swift; sourceTree = "<group>"; };
		F2FE3F022002972800EBC429 /* WeatherLocationSelectionTableViewController.swift */ = {isa = PBXFileReference; lastKnownFileType = sourcecode.swift; path = WeatherLocationSelectionTableViewController.swift; sourceTree = "<group>"; };
/* End PBXFileReference section */

/* Begin PBXFrameworksBuildPhase section */
		F204B7741DF2EFA3000F4371 /* Frameworks */ = {
			isa = PBXFrameworksBuildPhase;
			buildActionMask = 2147483647;
			files = (
				1D58B4756E69A26CBBB8002F /* Pods_NearbyWeather.framework in Frameworks */,
			);
			runOnlyForDeploymentPostprocessing = 0;
		};
		F204B7881DF2EFA3000F4371 /* Frameworks */ = {
			isa = PBXFrameworksBuildPhase;
			buildActionMask = 2147483647;
			files = (
				482F50CF0642651072B0552E /* Pods_NearbyWeatherTests.framework in Frameworks */,
			);
			runOnlyForDeploymentPostprocessing = 0;
		};
		F204B7931DF2EFA3000F4371 /* Frameworks */ = {
			isa = PBXFrameworksBuildPhase;
			buildActionMask = 2147483647;
			files = (
			);
			runOnlyForDeploymentPostprocessing = 0;
		};
/* End PBXFrameworksBuildPhase section */

/* Begin PBXGroup section */
		11C25CEAEC5A76D18C61E43A /* Frameworks */ = {
			isa = PBXGroup;
			children = (
				E01FDEE48840B6DE40D19CA4 /* Pods_NearbyWeather.framework */,
				AC9117E5FC9606EF89375077 /* Pods_NearbyWeatherTests.framework */,
			);
			name = Frameworks;
			sourceTree = "<group>";
		};
		79BE3028C15C18BD6FB704AF /* Pods */ = {
			isa = PBXGroup;
			children = (
				20E2DFB16875223CFBEA36EF /* Pods-NearbyWeather.debug.xcconfig */,
				2DB36716201A47922EC83643 /* Pods-NearbyWeather.release.xcconfig */,
				B25B5E79CF3A6FC3B3E60F51 /* Pods-NearbyWeatherTests.debug.xcconfig */,
				E256524A8C59C3CC8FAC2E5A /* Pods-NearbyWeatherTests.release.xcconfig */,
			);
			name = Pods;
			sourceTree = "<group>";
		};
		F204B76E1DF2EFA3000F4371 = {
			isa = PBXGroup;
			children = (
				F204B7791DF2EFA3000F4371 /* NearbyWeather */,
				F204B78E1DF2EFA3000F4371 /* NearbyWeatherTests */,
				F204B7991DF2EFA3000F4371 /* NearbyWeatherUITests */,
				F204B7781DF2EFA3000F4371 /* Products */,
				79BE3028C15C18BD6FB704AF /* Pods */,
				11C25CEAEC5A76D18C61E43A /* Frameworks */,
			);
			sourceTree = "<group>";
		};
		F204B7781DF2EFA3000F4371 /* Products */ = {
			isa = PBXGroup;
			children = (
				F204B7771DF2EFA3000F4371 /* NearbyWeather.app */,
				F204B78B1DF2EFA3000F4371 /* NearbyWeatherTests.xctest */,
				F204B7961DF2EFA3000F4371 /* NearbyWeatherUITests.xctest */,
			);
			name = Products;
			sourceTree = "<group>";
		};
		F204B7791DF2EFA3000F4371 /* NearbyWeather */ = {
			isa = PBXGroup;
			children = (
				F204B77A1DF2EFA3000F4371 /* AppDelegate.swift */,
				F204B7861DF2EFA3000F4371 /* Info.plist */,
				F26A6D5C20FB6E520033BC49 /* External */,
				F2FE3EFB20027DE600EBC429 /* Bootsrapped Data */,
				F28CA547202CE83700209397 /* Services */,
				F266995C1E9AE23900498F99 /* Model */,
				F266995B1E9AE22800498F99 /* View */,
				F266995D1E9AE25D00498F99 /* Controller */,
				F260C4451F9D4D50000D2BC0 /* Miscellaneous */,
			);
			path = NearbyWeather;
			sourceTree = "<group>";
		};
		F204B78E1DF2EFA3000F4371 /* NearbyWeatherTests */ = {
			isa = PBXGroup;
			children = (
				F204B78F1DF2EFA3000F4371 /* NearbyWeatherTests.swift */,
				F204B7911DF2EFA3000F4371 /* Info.plist */,
			);
			path = NearbyWeatherTests;
			sourceTree = "<group>";
		};
		F204B7991DF2EFA3000F4371 /* NearbyWeatherUITests */ = {
			isa = PBXGroup;
			children = (
				F204B79A1DF2EFA3000F4371 /* NearbyWeatherUITests.swift */,
				F204B79C1DF2EFA3000F4371 /* Info.plist */,
			);
			path = NearbyWeatherUITests;
			sourceTree = "<group>";
		};
		F260C4451F9D4D50000D2BC0 /* Miscellaneous */ = {
			isa = PBXGroup;
			children = (
				F28CA5422027AE9B00209397 /* Custom Objects */,
				F28CE9611F96B202008319C4 /* Extensions */,
				F2B8E9FE1EA11B8100704E90 /* Data Transfer Objects */,
				F28CA53E2026285000209397 /* UserDefaultsKeys.swift */,
				F274FC36202D005800049144 /* NotificationCenterKeys.swift */,
			);
			name = Miscellaneous;
			sourceTree = "<group>";
		};
		F266995B1E9AE22800498F99 /* View */ = {
			isa = PBXGroup;
			children = (
				F28CE9621F96B222008319C4 /* Storyboards */,
				F2B8EA0C1EA2DDD700704E90 /* TableViewCells */,
			);
			name = View;
			sourceTree = "<group>";
		};
		F266995C1E9AE23900498F99 /* Model */ = {
			isa = PBXGroup;
			children = (
				F26699571E9AD0F100498F99 /* WeatherDataManager.swift */,
				F274FC3A2030ED5A00049144 /* PreferencesManager.swift */,
			);
			name = Model;
			sourceTree = "<group>";
		};
		F266995D1E9AE25D00498F99 /* Controller */ = {
			isa = PBXGroup;
			children = (
				F26A6D6320FB7C9C0033BC49 /* WelcomeNavigationController.swift */,
				F2B8EA051EA2893C00704E90 /* WelcomeScreenViewController.swift */,
				F2B8EA071EA2A7AB00704E90 /* SetPermissionsViewController.swift */,
				F28CE9671F9A9893008319C4 /* WeatherListViewController.swift */,
				F2B8EA0D1EA37BE800704E90 /* InfoTableViewController.swift */,
				F204B7BC1DF35610000F4371 /* SettingsTableViewController.swift */,
				F27AFDEF1DF4D36C003957EB /* SettingsInputTableViewController.swift */,
				F2FE3F022002972800EBC429 /* WeatherLocationSelectionTableViewController.swift */,
				F28CA5382016A1BA00209397 /* NearbyLocationsMapViewController.swift */,
				F28CA54020279EE300209397 /* WeatherDetailViewController.swift */,
				F28DA8602042258500879E6C /* WeatherLocationManagementTableViewController.swift */,
			);
			name = Controller;
			sourceTree = "<group>";
		};
		F26A6D5C20FB6E520033BC49 /* External */ = {
			isa = PBXGroup;
			children = (
				F26A6D5D20FB6E610033BC49 /* R.generated.swift */,
			);
			name = External;
			sourceTree = "<group>";
		};
		F28CA5422027AE9B00209397 /* Custom Objects */ = {
			isa = PBXGroup;
			children = (
				F28CA5432027AEB500209397 /* WeatherLocationMapAnnotation.swift */,
				F22F99542034E4B500B7CB6B /* WeatherLocationMapAnnotationView.swift */,
			);
			name = "Custom Objects";
			sourceTree = "<group>";
		};
		F28CA547202CE83700209397 /* Services */ = {
			isa = PBXGroup;
			children = (
				F26699591E9ADBC300498F99 /* LocationService.swift */,
				F2FE3F00200285B100EBC429 /* WeatherLocationService.swift */,
				F2D2B1DF2004171500C810EF /* DataStorageService.swift */,
				F2A5CAA52005762A0071BFFB /* ConversionService.swift */,
				F274FC38202F9A9300049144 /* NetworkingService.swift */,
			);
			name = Services;
			sourceTree = "<group>";
		};
		F28CE9611F96B202008319C4 /* Extensions */ = {
			isa = PBXGroup;
			children = (
				F28CE9631F96B290008319C4 /* UIColor+BrandColors.swift */,
				F28CE9651F96B537008319C4 /* UINavigationBarExtensions.swift */,
				F28CE9691F9AA829008319C4 /* UIViewExtensions.swift */,
				F260C4421F9D4883000D2BC0 /* UINavigationControllerExtensions.swift */,
				F2A5CAAB200D51870071BFFB /* UINavigationItemExtensions.swift */,
				F2ADB75020FE7014009C9547 /* UIViewController+Extensions.swift */,
			);
			name = Extensions;
			sourceTree = "<group>";
		};
		F28CE9621F96B222008319C4 /* Storyboards */ = {
			isa = PBXGroup;
			children = (
				F204B7831DF2EFA3000F4371 /* LaunchScreen.storyboard */,
				F204B77E1DF2EFA3000F4371 /* Main.storyboard */,
				F2B8EA031EA286F000704E90 /* Welcome.storyboard */,
				F26A6D5820FB687C0033BC49 /* List.storyboard */,
				F26A6D6120FB70F50033BC49 /* Map.storyboard */,
				F26A6D5F20FB70DD0033BC49 /* Details.storyboard */,
				F28DA85E203B999400879E6C /* Settings.storyboard */,
			);
			name = Storyboards;
			sourceTree = "<group>";
		};
		F2B8E9FE1EA11B8100704E90 /* Data Transfer Objects */ = {
			isa = PBXGroup;
			children = (
				F2B8E9FF1EA11BA800704E90 /* WeatherDataDTOs.swift */,
				F2FE3EFE20027EB400EBC429 /* WeatherStationDTO.swift */,
			);
			name = "Data Transfer Objects";
			sourceTree = "<group>";
		};
		F2B8EA0C1EA2DDD700704E90 /* TableViewCells */ = {
			isa = PBXGroup;
			children = (
				F27AFDEB1DF4C089003957EB /* WeatherDataCell.swift */,
				F283D26D1DF39095001B879D /* LabelCell.swift */,
				F2B8EA011EA121CC00704E90 /* AlertCell.swift */,
				F2A5CAA7200587DE0071BFFB /* LocationWeatherDataCell.swift */,
				F28CA53C202622C200209397 /* ToggleCell.swift */,
				F273254B2032051F00A1DBD1 /* ButtonCell.swift */,
				F273254D20320F4E00A1DBD1 /* SubtitleCell.swift */,
			);
			name = TableViewCells;
			sourceTree = "<group>";
		};
		F2FE3EFB20027DE600EBC429 /* Bootsrapped Data */ = {
			isa = PBXGroup;
			children = (
				F204B7811DF2EFA3000F4371 /* Assets.xcassets */,
				F204B7B21DF2F1BC000F4371 /* Localizable.strings */,
				F283D2751DF393B2001B879D /* InfoPlist.strings */,
				F22F99562037676B00B7CB6B /* locationsSQLite.sqlite */,
			);
			name = "Bootsrapped Data";
			sourceTree = "<group>";
		};
/* End PBXGroup section */

/* Begin PBXNativeTarget section */
		F204B7761DF2EFA3000F4371 /* NearbyWeather */ = {
			isa = PBXNativeTarget;
			buildConfigurationList = F204B79F1DF2EFA3000F4371 /* Build configuration list for PBXNativeTarget "NearbyWeather" */;
			buildPhases = (
				1590338BD2860479FB938C6A /* [CP] Check Pods Manifest.lock */,
				F26A6D5B20FB6DFA0033BC49 /* R.Swift Generate File */,
				F204B7731DF2EFA3000F4371 /* Sources */,
				F204B7741DF2EFA3000F4371 /* Frameworks */,
				F204B7751DF2EFA3000F4371 /* Resources */,
				6D7C7244C920F897332ED643 /* [CP] Embed Pods Frameworks */,
			);
			buildRules = (
			);
			dependencies = (
			);
			name = NearbyWeather;
			productName = NearbyWeather;
			productReference = F204B7771DF2EFA3000F4371 /* NearbyWeather.app */;
			productType = "com.apple.product-type.application";
		};
		F204B78A1DF2EFA3000F4371 /* NearbyWeatherTests */ = {
			isa = PBXNativeTarget;
			buildConfigurationList = F204B7A21DF2EFA3000F4371 /* Build configuration list for PBXNativeTarget "NearbyWeatherTests" */;
			buildPhases = (
				DC96885CEFD4386B3B81705D /* [CP] Check Pods Manifest.lock */,
				F204B7871DF2EFA3000F4371 /* Sources */,
				F204B7881DF2EFA3000F4371 /* Frameworks */,
				F204B7891DF2EFA3000F4371 /* Resources */,
				26446B92C2EA65EFE3DDA6EA /* [CP] Embed Pods Frameworks */,
			);
			buildRules = (
			);
			dependencies = (
				F204B78D1DF2EFA3000F4371 /* PBXTargetDependency */,
			);
			name = NearbyWeatherTests;
			productName = NearbyWeatherTests;
			productReference = F204B78B1DF2EFA3000F4371 /* NearbyWeatherTests.xctest */;
			productType = "com.apple.product-type.bundle.unit-test";
		};
		F204B7951DF2EFA3000F4371 /* NearbyWeatherUITests */ = {
			isa = PBXNativeTarget;
			buildConfigurationList = F204B7A51DF2EFA3000F4371 /* Build configuration list for PBXNativeTarget "NearbyWeatherUITests" */;
			buildPhases = (
				F204B7921DF2EFA3000F4371 /* Sources */,
				F204B7931DF2EFA3000F4371 /* Frameworks */,
				F204B7941DF2EFA3000F4371 /* Resources */,
			);
			buildRules = (
			);
			dependencies = (
				F204B7981DF2EFA3000F4371 /* PBXTargetDependency */,
			);
			name = NearbyWeatherUITests;
			productName = NearbyWeatherUITests;
			productReference = F204B7961DF2EFA3000F4371 /* NearbyWeatherUITests.xctest */;
			productType = "com.apple.product-type.bundle.ui-testing";
		};
/* End PBXNativeTarget section */

/* Begin PBXProject section */
		F204B76F1DF2EFA3000F4371 /* Project object */ = {
			isa = PBXProject;
			attributes = {
				LastSwiftUpdateCheck = 0810;
				LastUpgradeCheck = 0940;
				ORGANIZATIONNAME = "Erik Maximilian Martens";
				TargetAttributes = {
					F204B7761DF2EFA3000F4371 = {
						CreatedOnToolsVersion = 8.1;
						DevelopmentTeam = X8C2YN746J;
						LastSwiftMigration = 0900;
						ProvisioningStyle = Automatic;
					};
					F204B78A1DF2EFA3000F4371 = {
						CreatedOnToolsVersion = 8.1;
						DevelopmentTeam = VDPU24L36V;
						LastSwiftMigration = 0900;
						ProvisioningStyle = Automatic;
						TestTargetID = F204B7761DF2EFA3000F4371;
					};
					F204B7951DF2EFA3000F4371 = {
						CreatedOnToolsVersion = 8.1;
						DevelopmentTeam = VDPU24L36V;
						LastSwiftMigration = 0900;
						ProvisioningStyle = Automatic;
						TestTargetID = F204B7761DF2EFA3000F4371;
					};
				};
			};
			buildConfigurationList = F204B7721DF2EFA3000F4371 /* Build configuration list for PBXProject "NearbyWeather" */;
			compatibilityVersion = "Xcode 3.2";
			developmentRegion = English;
			hasScannedForEncodings = 0;
			knownRegions = (
				en,
				Base,
				de,
			);
			mainGroup = F204B76E1DF2EFA3000F4371;
			productRefGroup = F204B7781DF2EFA3000F4371 /* Products */;
			projectDirPath = "";
			projectRoot = "";
			targets = (
				F204B7761DF2EFA3000F4371 /* NearbyWeather */,
				F204B78A1DF2EFA3000F4371 /* NearbyWeatherTests */,
				F204B7951DF2EFA3000F4371 /* NearbyWeatherUITests */,
			);
		};
/* End PBXProject section */

/* Begin PBXResourcesBuildPhase section */
		F204B7751DF2EFA3000F4371 /* Resources */ = {
			isa = PBXResourcesBuildPhase;
			buildActionMask = 2147483647;
			files = (
				F26A6D6020FB70DD0033BC49 /* Details.storyboard in Resources */,
				F204B7851DF2EFA3000F4371 /* LaunchScreen.storyboard in Resources */,
				F26A6D5920FB687C0033BC49 /* List.storyboard in Resources */,
				F204B7B01DF2F1BC000F4371 /* Localizable.strings in Resources */,
				F204B7821DF2EFA3000F4371 /* Assets.xcassets in Resources */,
				F28DA85F203B999400879E6C /* Settings.storyboard in Resources */,
				F22F99572037A30800B7CB6B /* locationsSQLite.sqlite in Resources */,
				F26A6D6220FB70F50033BC49 /* Map.storyboard in Resources */,
				F204B7801DF2EFA3000F4371 /* Main.storyboard in Resources */,
				F283D2731DF393B2001B879D /* InfoPlist.strings in Resources */,
				F2B8EA041EA286F000704E90 /* Welcome.storyboard in Resources */,
			);
			runOnlyForDeploymentPostprocessing = 0;
		};
		F204B7891DF2EFA3000F4371 /* Resources */ = {
			isa = PBXResourcesBuildPhase;
			buildActionMask = 2147483647;
			files = (
			);
			runOnlyForDeploymentPostprocessing = 0;
		};
		F204B7941DF2EFA3000F4371 /* Resources */ = {
			isa = PBXResourcesBuildPhase;
			buildActionMask = 2147483647;
			files = (
			);
			runOnlyForDeploymentPostprocessing = 0;
		};
/* End PBXResourcesBuildPhase section */

/* Begin PBXShellScriptBuildPhase section */
		1590338BD2860479FB938C6A /* [CP] Check Pods Manifest.lock */ = {
			isa = PBXShellScriptBuildPhase;
			buildActionMask = 2147483647;
			files = (
			);
			inputPaths = (
				"${PODS_PODFILE_DIR_PATH}/Podfile.lock",
				"${PODS_ROOT}/Manifest.lock",
			);
			name = "[CP] Check Pods Manifest.lock";
			outputPaths = (
				"$(DERIVED_FILE_DIR)/Pods-NearbyWeather-checkManifestLockResult.txt",
			);
			runOnlyForDeploymentPostprocessing = 0;
			shellPath = /bin/sh;
			shellScript = "diff \"${PODS_PODFILE_DIR_PATH}/Podfile.lock\" \"${PODS_ROOT}/Manifest.lock\" > /dev/null\nif [ $? != 0 ] ; then\n    # print error to STDERR\n    echo \"error: The sandbox is not in sync with the Podfile.lock. Run 'pod install' or update your CocoaPods installation.\" >&2\n    exit 1\nfi\n# This output is used by Xcode 'outputs' to avoid re-running this script phase.\necho \"SUCCESS\" > \"${SCRIPT_OUTPUT_FILE_0}\"\n";
			showEnvVarsInLog = 0;
		};
		26446B92C2EA65EFE3DDA6EA /* [CP] Embed Pods Frameworks */ = {
			isa = PBXShellScriptBuildPhase;
			buildActionMask = 2147483647;
			files = (
			);
			inputPaths = (
				"${SRCROOT}/Pods/Target Support Files/Pods-NearbyWeatherTests/Pods-NearbyWeatherTests-frameworks.sh",
				"${BUILT_PRODUCTS_DIR}/APTimeZones/APTimeZones.framework",
				"${BUILT_PRODUCTS_DIR}/Alamofire/Alamofire.framework",
				"${BUILT_PRODUCTS_DIR}/Charts/Charts.framework",
				"${BUILT_PRODUCTS_DIR}/FMDB/FMDB.framework",
				"${BUILT_PRODUCTS_DIR}/PKHUD/PKHUD.framework",
				"${BUILT_PRODUCTS_DIR}/R.swift.Library/Rswift.framework",
				"${BUILT_PRODUCTS_DIR}/RainyRefreshControl/RainyRefreshControl.framework",
				"${BUILT_PRODUCTS_DIR}/TextFieldCounter/TextFieldCounter.framework",
			);
			name = "[CP] Embed Pods Frameworks";
			outputPaths = (
				"${TARGET_BUILD_DIR}/${FRAMEWORKS_FOLDER_PATH}/APTimeZones.framework",
				"${TARGET_BUILD_DIR}/${FRAMEWORKS_FOLDER_PATH}/Alamofire.framework",
				"${TARGET_BUILD_DIR}/${FRAMEWORKS_FOLDER_PATH}/Charts.framework",
				"${TARGET_BUILD_DIR}/${FRAMEWORKS_FOLDER_PATH}/FMDB.framework",
				"${TARGET_BUILD_DIR}/${FRAMEWORKS_FOLDER_PATH}/PKHUD.framework",
				"${TARGET_BUILD_DIR}/${FRAMEWORKS_FOLDER_PATH}/Rswift.framework",
				"${TARGET_BUILD_DIR}/${FRAMEWORKS_FOLDER_PATH}/RainyRefreshControl.framework",
				"${TARGET_BUILD_DIR}/${FRAMEWORKS_FOLDER_PATH}/TextFieldCounter.framework",
			);
			runOnlyForDeploymentPostprocessing = 0;
			shellPath = /bin/sh;
			shellScript = "\"${SRCROOT}/Pods/Target Support Files/Pods-NearbyWeatherTests/Pods-NearbyWeatherTests-frameworks.sh\"\n";
			showEnvVarsInLog = 0;
		};
		6D7C7244C920F897332ED643 /* [CP] Embed Pods Frameworks */ = {
			isa = PBXShellScriptBuildPhase;
			buildActionMask = 2147483647;
			files = (
			);
			inputPaths = (
				"${SRCROOT}/Pods/Target Support Files/Pods-NearbyWeather/Pods-NearbyWeather-frameworks.sh",
				"${BUILT_PRODUCTS_DIR}/APTimeZones/APTimeZones.framework",
				"${BUILT_PRODUCTS_DIR}/Alamofire/Alamofire.framework",
				"${BUILT_PRODUCTS_DIR}/Charts/Charts.framework",
				"${BUILT_PRODUCTS_DIR}/FMDB/FMDB.framework",
				"${BUILT_PRODUCTS_DIR}/PKHUD/PKHUD.framework",
				"${BUILT_PRODUCTS_DIR}/R.swift.Library/Rswift.framework",
				"${BUILT_PRODUCTS_DIR}/RainyRefreshControl/RainyRefreshControl.framework",
				"${BUILT_PRODUCTS_DIR}/TextFieldCounter/TextFieldCounter.framework",
			);
			name = "[CP] Embed Pods Frameworks";
			outputPaths = (
				"${TARGET_BUILD_DIR}/${FRAMEWORKS_FOLDER_PATH}/APTimeZones.framework",
				"${TARGET_BUILD_DIR}/${FRAMEWORKS_FOLDER_PATH}/Alamofire.framework",
				"${TARGET_BUILD_DIR}/${FRAMEWORKS_FOLDER_PATH}/Charts.framework",
				"${TARGET_BUILD_DIR}/${FRAMEWORKS_FOLDER_PATH}/FMDB.framework",
				"${TARGET_BUILD_DIR}/${FRAMEWORKS_FOLDER_PATH}/PKHUD.framework",
				"${TARGET_BUILD_DIR}/${FRAMEWORKS_FOLDER_PATH}/Rswift.framework",
				"${TARGET_BUILD_DIR}/${FRAMEWORKS_FOLDER_PATH}/RainyRefreshControl.framework",
				"${TARGET_BUILD_DIR}/${FRAMEWORKS_FOLDER_PATH}/TextFieldCounter.framework",
			);
			runOnlyForDeploymentPostprocessing = 0;
			shellPath = /bin/sh;
			shellScript = "\"${SRCROOT}/Pods/Target Support Files/Pods-NearbyWeather/Pods-NearbyWeather-frameworks.sh\"\n";
			showEnvVarsInLog = 0;
		};
		DC96885CEFD4386B3B81705D /* [CP] Check Pods Manifest.lock */ = {
			isa = PBXShellScriptBuildPhase;
			buildActionMask = 2147483647;
			files = (
			);
			inputPaths = (
				"${PODS_PODFILE_DIR_PATH}/Podfile.lock",
				"${PODS_ROOT}/Manifest.lock",
			);
			name = "[CP] Check Pods Manifest.lock";
			outputPaths = (
				"$(DERIVED_FILE_DIR)/Pods-NearbyWeatherTests-checkManifestLockResult.txt",
			);
			runOnlyForDeploymentPostprocessing = 0;
			shellPath = /bin/sh;
			shellScript = "diff \"${PODS_PODFILE_DIR_PATH}/Podfile.lock\" \"${PODS_ROOT}/Manifest.lock\" > /dev/null\nif [ $? != 0 ] ; then\n    # print error to STDERR\n    echo \"error: The sandbox is not in sync with the Podfile.lock. Run 'pod install' or update your CocoaPods installation.\" >&2\n    exit 1\nfi\n# This output is used by Xcode 'outputs' to avoid re-running this script phase.\necho \"SUCCESS\" > \"${SCRIPT_OUTPUT_FILE_0}\"\n";
			showEnvVarsInLog = 0;
		};
		F26A6D5B20FB6DFA0033BC49 /* R.Swift Generate File */ = {
			isa = PBXShellScriptBuildPhase;
			buildActionMask = 2147483647;
			files = (
			);
			inputPaths = (
			);
			name = "R.Swift Generate File";
			outputPaths = (
			);
			runOnlyForDeploymentPostprocessing = 0;
			shellPath = /bin/sh;
			shellScript = "\"$PODS_ROOT/R.swift/rswift\" generate \"$SRCROOT\"";
		};
/* End PBXShellScriptBuildPhase section */

/* Begin PBXSourcesBuildPhase section */
		F204B7731DF2EFA3000F4371 /* Sources */ = {
			isa = PBXSourcesBuildPhase;
			buildActionMask = 2147483647;
			files = (
				F26A6D6420FB7C9C0033BC49 /* WelcomeNavigationController.swift in Sources */,
				F274FC3B2030ED5A00049144 /* PreferencesManager.swift in Sources */,
				F283D26E1DF39095001B879D /* LabelCell.swift in Sources */,
				F28CA5442027AEB500209397 /* WeatherLocationMapAnnotation.swift in Sources */,
				F26699581E9AD0F100498F99 /* WeatherDataManager.swift in Sources */,
				F2FE3EFF20027EB400EBC429 /* WeatherStationDTO.swift in Sources */,
				F22F99552034E4B500B7CB6B /* WeatherLocationMapAnnotationView.swift in Sources */,
				F2A5CAA62005762A0071BFFB /* ConversionService.swift in Sources */,
				F2FE3F01200285B100EBC429 /* WeatherLocationService.swift in Sources */,
				F266995A1E9ADBC300498F99 /* LocationService.swift in Sources */,
				F273254C2032051F00A1DBD1 /* ButtonCell.swift in Sources */,
				F26A6D5E20FB6E610033BC49 /* R.generated.swift in Sources */,
				F204B77B1DF2EFA3000F4371 /* AppDelegate.swift in Sources */,
				F2B8EA061EA2893C00704E90 /* WelcomeScreenViewController.swift in Sources */,
				F28CA53F2026285000209397 /* UserDefaultsKeys.swift in Sources */,
				F2B8EA001EA11BA800704E90 /* WeatherDataDTOs.swift in Sources */,
				F273254E20320F4E00A1DBD1 /* SubtitleCell.swift in Sources */,
				F28CA53D202622C200209397 /* ToggleCell.swift in Sources */,
				F2B8EA0E1EA37BE800704E90 /* InfoTableViewController.swift in Sources */,
				F204B7BD1DF35610000F4371 /* SettingsTableViewController.swift in Sources */,
				F2FE3F032002972800EBC429 /* WeatherLocationSelectionTableViewController.swift in Sources */,
				F28CA5392016A1BA00209397 /* NearbyLocationsMapViewController.swift in Sources */,
				F28CE9681F9A9893008319C4 /* WeatherListViewController.swift in Sources */,
				F27AFDEC1DF4C089003957EB /* WeatherDataCell.swift in Sources */,
				F28CE96A1F9AA829008319C4 /* UIViewExtensions.swift in Sources */,
				F2B8EA081EA2A7AB00704E90 /* SetPermissionsViewController.swift in Sources */,
				F260C4431F9D4883000D2BC0 /* UINavigationControllerExtensions.swift in Sources */,
				F2A5CAAC200D51870071BFFB /* UINavigationItemExtensions.swift in Sources */,
				F2ADB75120FE7014009C9547 /* UIViewController+Extensions.swift in Sources */,
				F2A5CAA8200587DE0071BFFB /* LocationWeatherDataCell.swift in Sources */,
				F2B8EA021EA121CC00704E90 /* AlertCell.swift in Sources */,
				F2D2B1E02004171500C810EF /* DataStorageService.swift in Sources */,
				F274FC37202D005800049144 /* NotificationCenterKeys.swift in Sources */,
				F28CE9661F96B537008319C4 /* UINavigationBarExtensions.swift in Sources */,
				F28CA54120279EE300209397 /* WeatherDetailViewController.swift in Sources */,
				F274FC39202F9A9300049144 /* NetworkingService.swift in Sources */,
				F28CE9641F96B290008319C4 /* UIColor+BrandColors.swift in Sources */,
				F28DA8612042258500879E6C /* WeatherLocationManagementTableViewController.swift in Sources */,
				F27AFDF01DF4D36C003957EB /* SettingsInputTableViewController.swift in Sources */,
			);
			runOnlyForDeploymentPostprocessing = 0;
		};
		F204B7871DF2EFA3000F4371 /* Sources */ = {
			isa = PBXSourcesBuildPhase;
			buildActionMask = 2147483647;
			files = (
				F204B7901DF2EFA3000F4371 /* NearbyWeatherTests.swift in Sources */,
			);
			runOnlyForDeploymentPostprocessing = 0;
		};
		F204B7921DF2EFA3000F4371 /* Sources */ = {
			isa = PBXSourcesBuildPhase;
			buildActionMask = 2147483647;
			files = (
				F204B79B1DF2EFA3000F4371 /* NearbyWeatherUITests.swift in Sources */,
			);
			runOnlyForDeploymentPostprocessing = 0;
		};
/* End PBXSourcesBuildPhase section */

/* Begin PBXTargetDependency section */
		F204B78D1DF2EFA3000F4371 /* PBXTargetDependency */ = {
			isa = PBXTargetDependency;
			target = F204B7761DF2EFA3000F4371 /* NearbyWeather */;
			targetProxy = F204B78C1DF2EFA3000F4371 /* PBXContainerItemProxy */;
		};
		F204B7981DF2EFA3000F4371 /* PBXTargetDependency */ = {
			isa = PBXTargetDependency;
			target = F204B7761DF2EFA3000F4371 /* NearbyWeather */;
			targetProxy = F204B7971DF2EFA3000F4371 /* PBXContainerItemProxy */;
		};
/* End PBXTargetDependency section */

/* Begin PBXVariantGroup section */
		F204B77E1DF2EFA3000F4371 /* Main.storyboard */ = {
			isa = PBXVariantGroup;
			children = (
				F204B77F1DF2EFA3000F4371 /* Base */,
				F204B7AC1DF2F19A000F4371 /* de */,
			);
			name = Main.storyboard;
			sourceTree = "<group>";
		};
		F204B7831DF2EFA3000F4371 /* LaunchScreen.storyboard */ = {
			isa = PBXVariantGroup;
			children = (
				F204B7841DF2EFA3000F4371 /* Base */,
				F204B7AD1DF2F19A000F4371 /* de */,
			);
			name = LaunchScreen.storyboard;
			sourceTree = "<group>";
		};
		F204B7B21DF2F1BC000F4371 /* Localizable.strings */ = {
			isa = PBXVariantGroup;
			children = (
				F204B7B11DF2F1BC000F4371 /* Base */,
				F204B7B31DF2F1BD000F4371 /* de */,
			);
			name = Localizable.strings;
			sourceTree = "<group>";
		};
		F283D2751DF393B2001B879D /* InfoPlist.strings */ = {
			isa = PBXVariantGroup;
			children = (
				F283D2741DF393B2001B879D /* Base */,
				F283D2761DF393B3001B879D /* de */,
			);
			name = InfoPlist.strings;
			sourceTree = "<group>";
		};
/* End PBXVariantGroup section */

/* Begin XCBuildConfiguration section */
		F204B79D1DF2EFA3000F4371 /* Debug */ = {
			isa = XCBuildConfiguration;
			buildSettings = {
				ALWAYS_SEARCH_USER_PATHS = NO;
				CLANG_ANALYZER_LOCALIZABILITY_NONLOCALIZED = YES;
				CLANG_ANALYZER_NONNULL = YES;
				CLANG_CXX_LANGUAGE_STANDARD = "gnu++0x";
				CLANG_CXX_LIBRARY = "libc++";
				CLANG_ENABLE_MODULES = YES;
				CLANG_ENABLE_OBJC_ARC = YES;
				CLANG_WARN_BLOCK_CAPTURE_AUTORELEASING = YES;
				CLANG_WARN_BOOL_CONVERSION = YES;
				CLANG_WARN_COMMA = YES;
				CLANG_WARN_CONSTANT_CONVERSION = YES;
				CLANG_WARN_DEPRECATED_OBJC_IMPLEMENTATIONS = YES;
				CLANG_WARN_DIRECT_OBJC_ISA_USAGE = YES_ERROR;
				CLANG_WARN_DOCUMENTATION_COMMENTS = YES;
				CLANG_WARN_EMPTY_BODY = YES;
				CLANG_WARN_ENUM_CONVERSION = YES;
				CLANG_WARN_INFINITE_RECURSION = YES;
				CLANG_WARN_INT_CONVERSION = YES;
				CLANG_WARN_NON_LITERAL_NULL_CONVERSION = YES;
				CLANG_WARN_OBJC_IMPLICIT_RETAIN_SELF = YES;
				CLANG_WARN_OBJC_LITERAL_CONVERSION = YES;
				CLANG_WARN_OBJC_ROOT_CLASS = YES_ERROR;
				CLANG_WARN_RANGE_LOOP_ANALYSIS = YES;
				CLANG_WARN_STRICT_PROTOTYPES = YES;
				CLANG_WARN_SUSPICIOUS_MOVE = YES;
				CLANG_WARN_SUSPICIOUS_MOVES = YES;
				CLANG_WARN_UNREACHABLE_CODE = YES;
				CLANG_WARN__DUPLICATE_METHOD_MATCH = YES;
				"CODE_SIGN_IDENTITY[sdk=iphoneos*]" = "iPhone Developer";
				COPY_PHASE_STRIP = NO;
				DEBUG_INFORMATION_FORMAT = dwarf;
				ENABLE_STRICT_OBJC_MSGSEND = YES;
				ENABLE_TESTABILITY = YES;
				GCC_C_LANGUAGE_STANDARD = gnu99;
				GCC_DYNAMIC_NO_PIC = NO;
				GCC_NO_COMMON_BLOCKS = YES;
				GCC_OPTIMIZATION_LEVEL = 0;
				GCC_PREPROCESSOR_DEFINITIONS = (
					"DEBUG=1",
					"$(inherited)",
				);
				GCC_WARN_64_TO_32_BIT_CONVERSION = YES;
				GCC_WARN_ABOUT_RETURN_TYPE = YES_ERROR;
				GCC_WARN_UNDECLARED_SELECTOR = YES;
				GCC_WARN_UNINITIALIZED_AUTOS = YES_AGGRESSIVE;
				GCC_WARN_UNUSED_FUNCTION = YES;
				GCC_WARN_UNUSED_VARIABLE = YES;
				IPHONEOS_DEPLOYMENT_TARGET = 9.0;
				MTL_ENABLE_DEBUG_INFO = YES;
				ONLY_ACTIVE_ARCH = YES;
				SDKROOT = iphoneos;
				SWIFT_ACTIVE_COMPILATION_CONDITIONS = DEBUG;
				SWIFT_OPTIMIZATION_LEVEL = "-Onone";
				SWIFT_SWIFT3_OBJC_INFERENCE = Default;
				SWIFT_VERSION = 4.0;
			};
			name = Debug;
		};
		F204B79E1DF2EFA3000F4371 /* Release */ = {
			isa = XCBuildConfiguration;
			buildSettings = {
				ALWAYS_SEARCH_USER_PATHS = NO;
				CLANG_ANALYZER_LOCALIZABILITY_NONLOCALIZED = YES;
				CLANG_ANALYZER_NONNULL = YES;
				CLANG_CXX_LANGUAGE_STANDARD = "gnu++0x";
				CLANG_CXX_LIBRARY = "libc++";
				CLANG_ENABLE_MODULES = YES;
				CLANG_ENABLE_OBJC_ARC = YES;
				CLANG_WARN_BLOCK_CAPTURE_AUTORELEASING = YES;
				CLANG_WARN_BOOL_CONVERSION = YES;
				CLANG_WARN_COMMA = YES;
				CLANG_WARN_CONSTANT_CONVERSION = YES;
				CLANG_WARN_DEPRECATED_OBJC_IMPLEMENTATIONS = YES;
				CLANG_WARN_DIRECT_OBJC_ISA_USAGE = YES_ERROR;
				CLANG_WARN_DOCUMENTATION_COMMENTS = YES;
				CLANG_WARN_EMPTY_BODY = YES;
				CLANG_WARN_ENUM_CONVERSION = YES;
				CLANG_WARN_INFINITE_RECURSION = YES;
				CLANG_WARN_INT_CONVERSION = YES;
				CLANG_WARN_NON_LITERAL_NULL_CONVERSION = YES;
				CLANG_WARN_OBJC_IMPLICIT_RETAIN_SELF = YES;
				CLANG_WARN_OBJC_LITERAL_CONVERSION = YES;
				CLANG_WARN_OBJC_ROOT_CLASS = YES_ERROR;
				CLANG_WARN_RANGE_LOOP_ANALYSIS = YES;
				CLANG_WARN_STRICT_PROTOTYPES = YES;
				CLANG_WARN_SUSPICIOUS_MOVE = YES;
				CLANG_WARN_SUSPICIOUS_MOVES = YES;
				CLANG_WARN_UNREACHABLE_CODE = YES;
				CLANG_WARN__DUPLICATE_METHOD_MATCH = YES;
				"CODE_SIGN_IDENTITY[sdk=iphoneos*]" = "iPhone Developer";
				COPY_PHASE_STRIP = NO;
				DEBUG_INFORMATION_FORMAT = "dwarf-with-dsym";
				ENABLE_NS_ASSERTIONS = NO;
				ENABLE_STRICT_OBJC_MSGSEND = YES;
				GCC_C_LANGUAGE_STANDARD = gnu99;
				GCC_NO_COMMON_BLOCKS = YES;
				GCC_WARN_64_TO_32_BIT_CONVERSION = YES;
				GCC_WARN_ABOUT_RETURN_TYPE = YES_ERROR;
				GCC_WARN_UNDECLARED_SELECTOR = YES;
				GCC_WARN_UNINITIALIZED_AUTOS = YES_AGGRESSIVE;
				GCC_WARN_UNUSED_FUNCTION = YES;
				GCC_WARN_UNUSED_VARIABLE = YES;
				IPHONEOS_DEPLOYMENT_TARGET = 9.0;
				MTL_ENABLE_DEBUG_INFO = NO;
				SDKROOT = iphoneos;
				SWIFT_OPTIMIZATION_LEVEL = "-Owholemodule";
				SWIFT_SWIFT3_OBJC_INFERENCE = Default;
				SWIFT_VERSION = 4.0;
				VALIDATE_PRODUCT = YES;
			};
			name = Release;
		};
		F204B7A01DF2EFA3000F4371 /* Debug */ = {
			isa = XCBuildConfiguration;
			baseConfigurationReference = 20E2DFB16875223CFBEA36EF /* Pods-NearbyWeather.debug.xcconfig */;
			buildSettings = {
				ASSETCATALOG_COMPILER_APPICON_NAME = AppIcon;
				ASSETCATALOG_COMPILER_LAUNCHIMAGE_NAME = LaunchImage;
				DEVELOPMENT_TEAM = X8C2YN746J;
				INFOPLIST_FILE = NearbyWeather/Info.plist;
				IPHONEOS_DEPLOYMENT_TARGET = 9.0;
				LD_RUNPATH_SEARCH_PATHS = "$(inherited) @executable_path/Frameworks";
				PRODUCT_BUNDLE_IDENTIFIER = com.climate.app;
				PRODUCT_NAME = "$(TARGET_NAME)";
				SWIFT_SWIFT3_OBJC_INFERENCE = Default;
				SWIFT_VERSION = 4.0;
			};
			name = Debug;
		};
		F204B7A11DF2EFA3000F4371 /* Release */ = {
			isa = XCBuildConfiguration;
			baseConfigurationReference = 2DB36716201A47922EC83643 /* Pods-NearbyWeather.release.xcconfig */;
			buildSettings = {
				ASSETCATALOG_COMPILER_APPICON_NAME = AppIcon;
				ASSETCATALOG_COMPILER_LAUNCHIMAGE_NAME = LaunchImage;
				DEVELOPMENT_TEAM = X8C2YN746J;
				INFOPLIST_FILE = NearbyWeather/Info.plist;
				IPHONEOS_DEPLOYMENT_TARGET = 9.0;
				LD_RUNPATH_SEARCH_PATHS = "$(inherited) @executable_path/Frameworks";
				PRODUCT_BUNDLE_IDENTIFIER = com.climate.app;
				PRODUCT_NAME = "$(TARGET_NAME)";
				SWIFT_SWIFT3_OBJC_INFERENCE = Default;
				SWIFT_VERSION = 4.0;
			};
			name = Release;
		};
		F204B7A31DF2EFA3000F4371 /* Debug */ = {
			isa = XCBuildConfiguration;
			baseConfigurationReference = B25B5E79CF3A6FC3B3E60F51 /* Pods-NearbyWeatherTests.debug.xcconfig */;
			buildSettings = {
				ALWAYS_EMBED_SWIFT_STANDARD_LIBRARIES = "$(inherited)";
				BUNDLE_LOADER = "$(TEST_HOST)";
				DEVELOPMENT_TEAM = VDPU24L36V;
				INFOPLIST_FILE = NearbyWeatherTests/Info.plist;
				LD_RUNPATH_SEARCH_PATHS = "$(inherited) @executable_path/Frameworks @loader_path/Frameworks";
				PRODUCT_BUNDLE_IDENTIFIER = de.erikmaximilianmartens.NearbyWeatherTests;
				PRODUCT_NAME = "$(TARGET_NAME)";
				SWIFT_SWIFT3_OBJC_INFERENCE = Default;
				SWIFT_VERSION = 4.0;
				TEST_HOST = "$(BUILT_PRODUCTS_DIR)/NearbyWeather.app/NearbyWeather";
			};
			name = Debug;
		};
		F204B7A41DF2EFA3000F4371 /* Release */ = {
			isa = XCBuildConfiguration;
			baseConfigurationReference = E256524A8C59C3CC8FAC2E5A /* Pods-NearbyWeatherTests.release.xcconfig */;
			buildSettings = {
				ALWAYS_EMBED_SWIFT_STANDARD_LIBRARIES = "$(inherited)";
				BUNDLE_LOADER = "$(TEST_HOST)";
				DEVELOPMENT_TEAM = VDPU24L36V;
				INFOPLIST_FILE = NearbyWeatherTests/Info.plist;
				LD_RUNPATH_SEARCH_PATHS = "$(inherited) @executable_path/Frameworks @loader_path/Frameworks";
				PRODUCT_BUNDLE_IDENTIFIER = de.erikmaximilianmartens.NearbyWeatherTests;
				PRODUCT_NAME = "$(TARGET_NAME)";
				SWIFT_SWIFT3_OBJC_INFERENCE = Default;
				SWIFT_VERSION = 4.0;
				TEST_HOST = "$(BUILT_PRODUCTS_DIR)/NearbyWeather.app/NearbyWeather";
			};
			name = Release;
		};
		F204B7A61DF2EFA3000F4371 /* Debug */ = {
			isa = XCBuildConfiguration;
			buildSettings = {
				ALWAYS_EMBED_SWIFT_STANDARD_LIBRARIES = "$(inherited)";
				DEVELOPMENT_TEAM = VDPU24L36V;
				INFOPLIST_FILE = NearbyWeatherUITests/Info.plist;
				LD_RUNPATH_SEARCH_PATHS = "$(inherited) @executable_path/Frameworks @loader_path/Frameworks";
				PRODUCT_BUNDLE_IDENTIFIER = de.erikmaximilianmartens.NearbyWeatherUITests;
				PRODUCT_NAME = "$(TARGET_NAME)";
				SWIFT_SWIFT3_OBJC_INFERENCE = Default;
				SWIFT_VERSION = 4.0;
				TEST_TARGET_NAME = NearbyWeather;
			};
			name = Debug;
		};
		F204B7A71DF2EFA3000F4371 /* Release */ = {
			isa = XCBuildConfiguration;
			buildSettings = {
				ALWAYS_EMBED_SWIFT_STANDARD_LIBRARIES = "$(inherited)";
				DEVELOPMENT_TEAM = VDPU24L36V;
				INFOPLIST_FILE = NearbyWeatherUITests/Info.plist;
				LD_RUNPATH_SEARCH_PATHS = "$(inherited) @executable_path/Frameworks @loader_path/Frameworks";
				PRODUCT_BUNDLE_IDENTIFIER = de.erikmaximilianmartens.NearbyWeatherUITests;
				PRODUCT_NAME = "$(TARGET_NAME)";
				SWIFT_SWIFT3_OBJC_INFERENCE = Default;
				SWIFT_VERSION = 4.0;
				TEST_TARGET_NAME = NearbyWeather;
			};
			name = Release;
		};
/* End XCBuildConfiguration section */

/* Begin XCConfigurationList section */
		F204B7721DF2EFA3000F4371 /* Build configuration list for PBXProject "NearbyWeather" */ = {
			isa = XCConfigurationList;
			buildConfigurations = (
				F204B79D1DF2EFA3000F4371 /* Debug */,
				F204B79E1DF2EFA3000F4371 /* Release */,
			);
			defaultConfigurationIsVisible = 0;
			defaultConfigurationName = Release;
		};
		F204B79F1DF2EFA3000F4371 /* Build configuration list for PBXNativeTarget "NearbyWeather" */ = {
			isa = XCConfigurationList;
			buildConfigurations = (
				F204B7A01DF2EFA3000F4371 /* Debug */,
				F204B7A11DF2EFA3000F4371 /* Release */,
			);
			defaultConfigurationIsVisible = 0;
			defaultConfigurationName = Release;
		};
		F204B7A21DF2EFA3000F4371 /* Build configuration list for PBXNativeTarget "NearbyWeatherTests" */ = {
			isa = XCConfigurationList;
			buildConfigurations = (
				F204B7A31DF2EFA3000F4371 /* Debug */,
				F204B7A41DF2EFA3000F4371 /* Release */,
			);
			defaultConfigurationIsVisible = 0;
			defaultConfigurationName = Release;
		};
		F204B7A51DF2EFA3000F4371 /* Build configuration list for PBXNativeTarget "NearbyWeatherUITests" */ = {
			isa = XCConfigurationList;
			buildConfigurations = (
				F204B7A61DF2EFA3000F4371 /* Debug */,
				F204B7A71DF2EFA3000F4371 /* Release */,
			);
			defaultConfigurationIsVisible = 0;
			defaultConfigurationName = Release;
		};
/* End XCConfigurationList section */
	};
	rootObject = F204B76F1DF2EFA3000F4371 /* Project object */;
}
